
Microsoft Visual Studio Solution File, Format Version 12.00
# Visual Studio Version 18
VisualStudioVersion = 18.5.11723.231
MinimumVisualStudioVersion = 10.0.40219.1
Project("{FAE04EC0-301F-11D3-BF4B-00C04F79EFBC}") = "BetaSafeFilter", "BetaSafeFilter.csproj", "{60F9D2AE-FC58-DA85-7E56-83CB38DF8193}"
EndProject
Project("{FAE04EC0-301F-11D3-BF4B-00C04F79EFBC}") = "NsfwSharp", "..\NsfwSharp-main\NsfwSharp-main\NsfwSharp\NsfwSharp.csproj", "{CD8E5A47-A113-4AE1-A6C1-7FC40555854B}"
EndProject
Global
	GlobalSection(SolutionConfigurationPlatforms) = preSolution
		Debug|Any CPU = Debug|Any CPU
		Release|Any CPU = Release|Any CPU
	EndGlobalSection
	GlobalSection(ProjectConfigurationPlatforms) = postSolution
		{60F9D2AE-FC58-DA85-7E56-83CB38DF8193}.Debug|Any CPU.ActiveCfg = Debug|Any CPU
		{60F9D2AE-FC58-DA85-7E56-83CB38DF8193}.Debug|Any CPU.Build.0 = Debug|Any CPU
		{60F9D2AE-FC58-DA85-7E56-83CB38DF8193}.Release|Any CPU.ActiveCfg = Release|Any CPU
		{60F9D2AE-FC58-DA85-7E56-83CB38DF8193}.Release|Any CPU.Build.0 = Release|Any CPU
		{CD8E5A47-A113-4AE1-A6C1-7FC40555854B}.Debug|Any CPU.ActiveCfg = Debug|Any CPU
		{CD8E5A47-A113-4AE1-A6C1-7FC40555854B}.Debug|Any CPU.Build.0 = Debug|Any CPU
		{CD8E5A47-A113-4AE1-A6C1-7FC40555854B}.Release|Any CPU.ActiveCfg = Release|Any CPU
		{CD8E5A47-A113-4AE1-A6C1-7FC40555854B}.Release|Any CPU.Build.0 = Release|Any CPU
	EndGlobalSection
	GlobalSection(SolutionProperties) = preSolution
		HideSolutionNode = FALSE
	EndGlobalSection
	GlobalSection(ExtensibilityGlobals) = postSolution
		SolutionGuid = {49D58E2D-1468-4A99-87CD-99A555B091CE}
	EndGlobalSection
EndGlobal
